
Microsoft Visual Studio Solution File, Format Version 12.00
# Visual Studio Version 17
VisualStudioVersion = 17.14.36518.9
MinimumVisualStudioVersion = 10.0.40219.1
Project("{FAE04EC0-301F-11D3-BF4B-00C04F79EFBC}") = "ToolboxHost", "ToolboxHost.csproj", "{338742D5-5793-4922-AD70-1FC9CD105898}"
EndProject
Project("{FAE04EC0-301F-11D3-BF4B-00C04F79EFBC}") = "Toolbox.Core", "..\Toolbox.Core\Toolbox.Core.csproj", "{13946678-9A60-459E-98F8-C1E029F039D6}"
EndProject
Project("{FAE04EC0-301F-11D3-BF4B-00C04F79EFBC}") = "CalculatorPlugin", "..\CalculatorPlugin\CalculatorPlugin.csproj", "{0BAE2A3D-D675-4B90-A0DF-E26C598E154C}"
EndProject
Project("{FAE04EC0-301F-11D3-BF4B-00C04F79EFBC}") = "ModbusConfigPlugin", "..\ModbusConfigPlugin\ModbusConfigPlugin.csproj", "{C2B9CA95-8FC8-403B-A4FE-04914726B2B4}"
EndProject
Project("{FAE04EC0-301F-11D3-BF4B-00C04F79EFBC}") = "BatchStats", "..\BatchStats\BatchStats.csproj", "{E2121FF8-A8E4-45BC-9123-884EA90F082E}"
EndProject
Project("{FAE04EC0-301F-11D3-BF4B-00C04F79EFBC}") = "TempBatch", "..\LCCBatch\TempBatch.csproj", "{2BFE3DEB-3CA4-4A13-8770-F385C00875FF}"
EndProject
Global
	GlobalSection(SolutionConfigurationPlatforms) = preSolution
		Debug|Any CPU = Debug|Any CPU
		Release|Any CPU = Release|Any CPU
	EndGlobalSection
	GlobalSection(ProjectConfigurationPlatforms) = postSolution
		{338742D5-5793-4922-AD70-1FC9CD105898}.Debug|Any CPU.ActiveCfg = Debug|Any CPU
		{338742D5-5793-4922-AD70-1FC9CD105898}.Debug|Any CPU.Build.0 = Debug|Any CPU
		{338742D5-5793-4922-AD70-1FC9CD105898}.Release|Any CPU.ActiveCfg = Release|Any CPU
		{338742D5-5793-4922-AD70-1FC9CD105898}.Release|Any CPU.Build.0 = Release|Any CPU
		{13946678-9A60-459E-98F8-C1E029F039D6}.Debug|Any CPU.ActiveCfg = Debug|Any CPU
		{13946678-9A60-459E-98F8-C1E029F039D6}.Debug|Any CPU.Build.0 = Debug|Any CPU
		{13946678-9A60-459E-98F8-C1E029F039D6}.Release|Any CPU.ActiveCfg = Release|Any CPU
		{13946678-9A60-459E-98F8-C1E029F039D6}.Release|Any CPU.Build.0 = Release|Any CPU
		{0BAE2A3D-D675-4B90-A0DF-E26C598E154C}.Debug|Any CPU.ActiveCfg = Debug|Any CPU
		{0BAE2A3D-D675-4B90-A0DF-E26C598E154C}.Debug|Any CPU.Build.0 = Debug|Any CPU
		{0BAE2A3D-D675-4B90-A0DF-E26C598E154C}.Release|Any CPU.ActiveCfg = Release|Any CPU
		{0BAE2A3D-D675-4B90-A0DF-E26C598E154C}.Release|Any CPU.Build.0 = Release|Any CPU
		{C2B9CA95-8FC8-403B-A4FE-04914726B2B4}.Debug|Any CPU.ActiveCfg = Debug|Any CPU
		{C2B9CA95-8FC8-403B-A4FE-04914726B2B4}.Debug|Any CPU.Build.0 = Debug|Any CPU
		{C2B9CA95-8FC8-403B-A4FE-04914726B2B4}.Release|Any CPU.ActiveCfg = Release|Any CPU
		{C2B9CA95-8FC8-403B-A4FE-04914726B2B4}.Release|Any CPU.Build.0 = Release|Any CPU
		{E2121FF8-A8E4-45BC-9123-884EA90F082E}.Debug|Any CPU.ActiveCfg = Debug|Any CPU
		{E2121FF8-A8E4-45BC-9123-884EA90F082E}.Debug|Any CPU.Build.0 = Debug|Any CPU
		{E2121FF8-A8E4-45BC-9123-884EA90F082E}.Release|Any CPU.ActiveCfg = Release|Any CPU
		{E2121FF8-A8E4-45BC-9123-884EA90F082E}.Release|Any CPU.Build.0 = Release|Any CPU
		{2BFE3DEB-3CA4-4A13-8770-F385C00875FF}.Debug|Any CPU.ActiveCfg = Debug|Any CPU
		{2BFE3DEB-3CA4-4A13-8770-F385C00875FF}.Debug|Any CPU.Build.0 = Debug|Any CPU
		{2BFE3DEB-3CA4-4A13-8770-F385C00875FF}.Release|Any CPU.ActiveCfg = Release|Any CPU
		{2BFE3DEB-3CA4-4A13-8770-F385C00875FF}.Release|Any CPU.Build.0 = Release|Any CPU
	EndGlobalSection
	GlobalSection(SolutionProperties) = preSolution
		HideSolutionNode = FALSE
	EndGlobalSection
	GlobalSection(ExtensibilityGlobals) = postSolution
		SolutionGuid = {DC5174D4-A8B4-4AC3-9546-78E69CA53987}
	EndGlobalSection
EndGlobal
